// !$*UTF8*$!
{
	archiveVersion = 1;
	classes = {
	};
	objectVersion = 56;
	objects = {

/* Begin PBXBuildFile section */
		1A0000000000000000000001 /* TeslaBLEApp.swift in Sources */ = {isa = PBXBuildFile; fileRef = 1A0000000000000000000101 /* TeslaBLEApp.swift */; };
		1A0000000000000000000002 /* ContentView.swift in Sources */ = {isa = PBXBuildFile; fileRef = 1A0000000000000000000102 /* ContentView.swift */; };
		1A0000000000000000000003 /* BLEService.swift in Sources */ = {isa = PBXBuildFile; fileRef = 1A0000000000000000000103 /* BLEService.swift */; };
		1A0000000000000000000004 /* TeslaProtocol.swift in Sources */ = {isa = PBXBuildFile; fileRef = 1A0000000000000000000104 /* TeslaProtocol.swift */; };
		1A0000000000000000000005 /* DashboardViewModel.swift in Sources */ = {isa = PBXBuildFile; fileRef = 1A0000000000000000000105 /* DashboardViewModel.swift */; };
		1A0000000000000000000006 /* DashboardView.swift in Sources */ = {isa = PBXBuildFile; fileRef = 1A0000000000000000000106 /* DashboardView.swift */; };
		1A0000000000000000000007 /* TelemetryModel.swift in Sources */ = {isa = PBXBuildFile; fileRef = 1A0000000000000000000107 /* TelemetryModel.swift */; };
/* End PBXBuildFile section */

/* Begin PBXFileReference section */
		1A0000000000000000000101 /* TeslaBLEApp.swift */ = {isa = PBXFileReference; lastKnownFileType = sourcecode.swift; path = TeslaBLEApp.swift; sourceTree = "<group>"; };
		1A0000000000000000000102 /* ContentView.swift */ = {isa = PBXFileReference; lastKnownFileType = sourcecode.swift; path = ContentView.swift; sourceTree = "<group>"; };
		1A0000000000000000000103 /* BLEService.swift */ = {isa = PBXFileReference; lastKnownFileType = sourcecode.swift; path = BLEService.swift; sourceTree = "<group>"; };
		1A0000000000000000000104 /* TeslaProtocol.swift */ = {isa = PBXFileReference; lastKnownFileType = sourcecode.swift; path = TeslaProtocol.swift; sourceTree = "<group>"; };
		1A0000000000000000000105 /* DashboardViewModel.swift */ = {isa = PBXFileReference; lastKnownFileType = sourcecode.swift; path = DashboardViewModel.swift; sourceTree = "<group>"; };
		1A0000000000000000000106 /* DashboardView.swift */ = {isa = PBXFileReference; lastKnownFileType = sourcecode.swift; path = DashboardView.swift; sourceTree = "<group>"; };
		1A0000000000000000000107 /* TelemetryModel.swift */ = {isa = PBXFileReference; lastKnownFileType = sourcecode.swift; path = TelemetryModel.swift; sourceTree = "<group>"; };
		1A0000000000000000000108 /* Info.plist */ = {isa = PBXFileReference; lastKnownFileType = text.plist.xml; path = Info.plist; sourceTree = "<group>"; };
		1A0000000000000000000109 /* TeslaBLE.app */ = {isa = PBXFileReference; explicitFileType = wrapper.application; includeInIndex = 0; path = TeslaBLE.app; sourceTree = BUILT_PRODUCTS_DIR; };
/* End PBXFileReference section */

/* Begin PBXFrameworksBuildPhase section */
		1A0000000000000000000201 /* Frameworks */ = {
			isa = PBXFrameworksBuildPhase;
			buildActionMask = 2147483647;
			files = (
			);
			runOnlyForDeploymentPostprocessing = 0;
		};
/* End PBXFrameworksBuildPhase section */

/* Begin PBXGroup section */
		1A0000000000000000000301 = {
			isa = PBXGroup;
			children = (
				1A0000000000000000000302 /* TeslaBLE */,
				1A0000000000000000000303 /* Products */,
			);
			sourceTree = "<group>";
		};
		1A0000000000000000000302 /* TeslaBLE */ = {
			isa = PBXGroup;
			children = (
				1A0000000000000000000101 /* TeslaBLEApp.swift */,
				1A0000000000000000000102 /* ContentView.swift */,
				1A0000000000000000000108 /* Info.plist */,
				1A0000000000000000000304 /* Models */,
				1A0000000000000000000305 /* Services */,
				1A0000000000000000000306 /* ViewModels */,
				1A0000000000000000000307 /* Views */,
			);
			path = TeslaBLE;
			sourceTree = "<group>";
		};
		1A0000000000000000000303 /* Products */ = {
			isa = PBXGroup;
			children = (
				1A0000000000000000000109 /* TeslaBLE.app */,
			);
			name = Products;
			sourceTree = "<group>";
		};
		1A0000000000000000000304 /* Models */ = {
			isa = PBXGroup;
			children = (
				1A0000000000000000000107 /* TelemetryModel.swift */,
			);
			path = Models;
			sourceTree = "<group>";
		};
		1A0000000000000000000305 /* Services */ = {
			isa = PBXGroup;
			children = (
				1A0000000000000000000103 /* BLEService.swift */,
				1A0000000000000000000104 /* TeslaProtocol.swift */,
			);
			path = Services;
			sourceTree = "<group>";
		};
		1A0000000000000000000306 /* ViewModels */ = {
			isa = PBXGroup;
			children = (
				1A0000000000000000000105 /* DashboardViewModel.swift */,
			);
			path = ViewModels;
			sourceTree = "<group>";
		};
		1A0000000000000000000307 /* Views */ = {
			isa = PBXGroup;
			children = (
				1A0000000000000000000102 /* ContentView.swift */,
				1A0000000000000000000106 /* DashboardView.swift */,
			);
			path = Views;
			sourceTree = "<group>";
		};
/* End PBXGroup section */

/* Begin PBXNativeTarget section */
		1A0000000000000000000401 /* TeslaBLE */ = {
			isa = PBXNativeTarget;
			buildConfigurationList = 1A0000000000000000000901 /* Build configuration list for PBXNativeTarget "TeslaBLE" */;
			buildPhases = (
				1A0000000000000000000202 /* Sources */,
				1A0000000000000000000201 /* Frameworks */,
				1A0000000000000000000203 /* Resources */,
			);
			buildRules = (
			);
			dependencies = (
			);
			name = TeslaBLE;
			productName = TeslaBLE;
			productReference = 1A0000000000000000000109 /* TeslaBLE.app */;
			productType = "com.apple.product-type.application";
		};
/* End PBXNativeTarget section */

/* Begin PBXProject section */
		1A0000000000000000000501 /* Project object */ = {
			isa = PBXProject;
			attributes = {
				BuildIndependentTargetsInParallel = 1;
				LastSwiftUpdateCheck = 1500;
				LastUpgradeCheck = 1500;
				TargetAttributes = {
					1A0000000000000000000401 = {
						CreatedOnToolsVersion = 15.0;
					};
				};
			};
			buildConfigurationList = 1A0000000000000000000902 /* Build configuration list for PBXProject "TeslaBLE" */;
			compatibilityVersion = "Xcode 14.0";
			developmentRegion = en;
			hasScannedForEncodings = 0;
			knownRegions = (
				en,
				Base,
			);
			mainGroup = 1A0000000000000000000301;
			productRefGroup = 1A0000000000000000000303 /* Products */;
			projectDirPath = "";
			projectRoot = "";
			targets = (
				1A0000000000000000000401 /* TeslaBLE */,
			);
		};
/* End PBXProject section */

/* Begin PBXResourcesBuildPhase section */
		1A0000000000000000000203 /* Resources */ = {
			isa = PBXResourcesBuildPhase;
			buildActionMask = 2147483647;
			files = (
			);
			runOnlyForDeploymentPostprocessing = 0;
		};
/* End PBXResourcesBuildPhase section */

/* Begin PBXSourcesBuildPhase section */
		1A0000000000000000000202 /* Sources */ = {
			isa = PBXSourcesBuildPhase;
			buildActionMask = 2147483647;
			files = (
				1A0000000000000000000001 /* TeslaBLEApp.swift in Sources */,
				1A0000000000000000000002 /* ContentView.swift in Sources */,
				1A0000000000000000000003 /* BLEService.swift in Sources */,
				1A0000000000000000000004 /* TeslaProtocol.swift in Sources */,
				1A0000000000000000000005 /* DashboardViewModel.swift in Sources */,
				1A0000000000000000000006 /* DashboardView.swift in Sources */,
				1A0000000000000000000007 /* TelemetryModel.swift in Sources */,
			);
			runOnlyForDeploymentPostprocessing = 0;
		};
/* End PBXSourcesBuildPhase section */

/* Begin XCBuildConfiguration section */
		1A0000000000000000000601 /* Debug */ = {
			isa = XCBuildConfiguration;
			buildSettings = {
				ALWAYS_SEARCH_USER_PATHS = NO;
				CLANG_ANALYZER_NONNULL = YES;
				CLANG_ENABLE_MODULES = YES;
				CLANG_ENABLE_OBJC_ARC = YES;
				CODE_SIGN_IDENTITY = "Apple Development";
				CODE_SIGN_STYLE = Automatic;
				COPY_PHASE_STRIP = NO;
				DEBUG_INFORMATION_FORMAT = dwarf;
				ENABLE_STRICT_OBJC_MSGSEND = YES;
				ENABLE_TESTABILITY = YES;
				GCC_C_LANGUAGE_STANDARD = gnu11;
				GCC_DYNAMIC_NO_PIC = NO;
				GCC_NO_COMMON_BLOCKS = YES;
				GCC_OPTIMIZATION_LEVEL = 0;
				GCC_PREPROCESSOR_DEFINITIONS = (
					"DEBUG=1",
					"$(inherited)",
				);
				IPHONEOS_DEPLOYMENT_TARGET = 15.0;
				MTL_ENABLE_DEBUG_INFO = INCLUDE_SOURCE;
				MTL_FAST_MATH = YES;
				ONLY_ACTIVE_ARCH = YES;
				SDKROOT = iphoneos;
				SWIFT_ACTIVE_COMPILATION_CONDITIONS = DEBUG;
				SWIFT_OPTIMIZATION_LEVEL = "-Onone";
			};
			name = Debug;
		};
		1A0000000000000000000602 /* Release */ = {
			isa = XCBuildConfiguration;
			buildSettings = {
				ALWAYS_SEARCH_USER_PATHS = NO;
				CLANG_ANALYZER_NONNULL = YES;
				CLANG_ENABLE_MODULES = YES;
				CLANG_ENABLE_OBJC_ARC = YES;
				CODE_SIGN_IDENTITY = "Apple Development";
				CODE_SIGN_STYLE = Automatic;
				COPY_PHASE_STRIP = NO;
				DEBUG_INFORMATION_FORMAT = "dwarf-with-dsym";
				ENABLE_NS_ASSERTIONS = NO;
				ENABLE_STRICT_OBJC_MSGSEND = YES;
				GCC_C_LANGUAGE_STANDARD = gnu11;
				GCC_NO_COMMON_BLOCKS = YES;
				IPHONEOS_DEPLOYMENT_TARGET = 15.0;
				MTL_ENABLE_DEBUG_INFO = NO;
				MTL_FAST_MATH = YES;
				SDKROOT = iphoneos;
				SWIFT_COMPILATION_MODE = wholemodule;
				SWIFT_OPTIMIZATION_LEVEL = "-O";
				VALIDATE_PRODUCT = YES;
			};
			name = Release;
		};
		1A0000000000000000000603 /* Debug */ = {
			isa = XCBuildConfiguration;
			buildSettings = {
				ASSETCATALOG_COMPILER_APPICON_NAME = AppIcon;
				CODE_SIGN_STYLE = Automatic;
				CURRENT_PROJECT_VERSION = 1;
				DEVELOPMENT_TEAM = "";
				GENERATE_INFOPLIST_FILE = NO;
				INFOPLIST_FILE = TeslaBLE/Info.plist;
				INFOPLIST_KEY_UIApplicationSceneManifest_Generation = YES;
				INFOPLIST_KEY_UIApplicationSupportsIndirectInputEvents = YES;
				INFOPLIST_KEY_UILaunchScreen_Generation = YES;
				INFOPLIST_KEY_UISupportedInterfaceOrientations_iPad = "UIInterfaceOrientationPortrait UIInterfaceOrientationPortraitUpsideDown UIInterfaceOrientationLandscapeLeft UIInterfaceOrientationLandscapeRight";
				INFOPLIST_KEY_UISupportedInterfaceOrientations_iPhone = "UIInterfaceOrientationPortrait UIInterfaceOrientationLandscapeLeft UIInterfaceOrientationLandscapeRight";
				IPHONEOS_DEPLOYMENT_TARGET = 15.0;
				LD_RUNPATH_SEARCH_PATHS = (
					"$(inherited)",
					"@executable_path/Frameworks",
				);
				MARKETING_VERSION = 1.0;
				PRODUCT_BUNDLE_IDENTIFIER = com.teslablue.TeslaBLE;
				PRODUCT_NAME = "$(TARGET_NAME)";
				SWIFT_EMIT_LOC_STRINGS = YES;
				SWIFT_VERSION = 5.0;
				TARGETED_DEVICE_FAMILY = "1,2";
			};
			name = Debug;
		};
		1A0000000000000000000604 /* Release */ = {
			isa = XCBuildConfiguration;
			buildSettings = {
				ASSETCATALOG_COMPILER_APPICON_NAME = AppIcon;
				CODE_SIGN_STYLE = Automatic;
				CURRENT_PROJECT_VERSION = 1;
				DEVELOPMENT_TEAM = "";
				GENERATE_INFOPLIST_FILE = NO;
				INFOPLIST_FILE = TeslaBLE/Info.plist;
				INFOPLIST_KEY_UIApplicationSceneManifest_Generation = YES;
				INFOPLIST_KEY_UIApplicationSupportsIndirectInputEvents = YES;
				INFOPLIST_KEY_UILaunchScreen_Generation = YES;
				INFOPLIST_KEY_UISupportedInterfaceOrientations_iPad = "UIInterfaceOrientationPortrait UIInterfaceOrientationPortraitUpsideDown UIInterfaceOrientationLandscapeLeft UIInterfaceOrientationLandscapeRight";
				INFOPLIST_KEY_UISupportedInterfaceOrientations_iPhone = "UIInterfaceOrientationPortrait UIInterfaceOrientationLandscapeLeft UIInterfaceOrientationLandscapeRight";
				IPHONEOS_DEPLOYMENT_TARGET = 15.0;
				LD_RUNPATH_SEARCH_PATHS = (
					"$(inherited)",
					"@executable_path/Frameworks",
				);
				MARKETING_VERSION = 1.0;
				PRODUCT_BUNDLE_IDENTIFIER = com.teslablue.TeslaBLE;
				PRODUCT_NAME = "$(TARGET_NAME)";
				SWIFT_EMIT_LOC_STRINGS = YES;
				SWIFT_VERSION = 5.0;
				TARGETED_DEVICE_FAMILY = "1,2";
			};
			name = Release;
		};
/* End XCBuildConfiguration section */

/* Begin XCConfigurationList section */
		1A0000000000000000000901 /* Build configuration list for PBXNativeTarget "TeslaBLE" */ = {
			isa = XCConfigurationList;
			buildConfigurations = (
				1A0000000000000000000603 /* Debug */,
				1A0000000000000000000604 /* Release */,
			);
			defaultConfigurationIsVisible = 0;
			defaultConfigurationName = Release;
		};
		1A0000000000000000000902 /* Build configuration list for PBXProject "TeslaBLE" */ = {
			isa = XCConfigurationList;
			buildConfigurations = (
				1A0000000000000000000601 /* Debug */,
				1A0000000000000000000602 /* Release */,
			);
			defaultConfigurationIsVisible = 0;
			defaultConfigurationName = Release;
		};
/* End XCConfigurationList section */
	};
	rootObject = 1A0000000000000000000501 /* Project object */;
}
